
Microsoft Visual Studio Solution File, Format Version 12.00
# Visual Studio Version 17
VisualStudioVersion = 17.5.002.0
MinimumVisualStudioVersion = 10.0.40219.1
Project("{9A19103F-16F7-4668-BE54-9A1E7A4F7556}") = "Example001_HelloConsole", "Example001_HelloConsole\Example001_HelloConsole.csproj", "{EEBDA0E6-1D9A-4932-BCFB-BE0148688D02}"
EndProject
Global
	GlobalSection(SolutionConfigurationPlatforms) = preSolution
		Debug|Any CPU = Debug|Any CPU
		Release|Any CPU = Release|Any CPU
	EndGlobalSection
	GlobalSection(ProjectConfigurationPlatforms) = postSolution
		{EEBDA0E6-1D9A-4932-BCFB-BE0148688D02}.Debug|Any CPU.ActiveCfg = Debug|Any CPU
		{EEBDA0E6-1D9A-4932-BCFB-BE0148688D02}.Debug|Any CPU.Build.0 = Debug|Any CPU
		{EEBDA0E6-1D9A-4932-BCFB-BE0148688D02}.Release|Any CPU.ActiveCfg = Release|Any CPU
		{EEBDA0E6-1D9A-4932-BCFB-BE0148688D02}.Release|Any CPU.Build.0 = Release|Any CPU
	EndGlobalSection
	GlobalSection(SolutionProperties) = preSolution
		HideSolutionNode = FALSE
	EndGlobalSection
	GlobalSection(ExtensibilityGlobals) = postSolution
		SolutionGuid = {C9489DAE-EB48-414E-9854-E51DFA81C22E}
	EndGlobalSection
EndGlobal
